
Microsoft Visual Studio Solution File, Format Version 12.00
# Visual Studio Version 17
VisualStudioVersion = 17.5.33516.290
MinimumVisualStudioVersion = 10.0.40219.1
Project("{FAE04EC0-301F-11D3-BF4B-00C04F79EFBC}") = "HW15", "HW15\HW15.csproj", "{90483E4C-B3F6-49EB-88B6-7B4ABAF44C92}"
EndProject
Global
	GlobalSection(SolutionConfigurationPlatforms) = preSolution
		Debug|Any CPU = Debug|Any CPU
		Release|Any CPU = Release|Any CPU
	EndGlobalSection
	GlobalSection(ProjectConfigurationPlatforms) = postSolution
		{90483E4C-B3F6-49EB-88B6-7B4ABAF44C92}.Debug|Any CPU.ActiveCfg = Debug|Any CPU
		{90483E4C-B3F6-49EB-88B6-7B4ABAF44C92}.Debug|Any CPU.Build.0 = Debug|Any CPU
		{90483E4C-B3F6-49EB-88B6-7B4ABAF44C92}.Release|Any CPU.ActiveCfg = Release|Any CPU
		{90483E4C-B3F6-49EB-88B6-7B4ABAF44C92}.Release|Any CPU.Build.0 = Release|Any CPU
	EndGlobalSection
	GlobalSection(SolutionProperties) = preSolution
		HideSolutionNode = FALSE
	EndGlobalSection
	GlobalSection(ExtensibilityGlobals) = postSolution
		SolutionGuid = {4947ED24-C399-4D43-946B-01BB22136776}
	EndGlobalSection
EndGlobal
