
Microsoft Visual Studio Solution File, Format Version 12.00
# Visual Studio Version 17
VisualStudioVersion = 17.5.33516.290
MinimumVisualStudioVersion = 10.0.40219.1
Project("{FAE04EC0-301F-11D3-BF4B-00C04F79EFBC}") = "HW8", "HW8\HW8.csproj", "{9010668E-FEAC-43A3-A0D8-03C3B8658C24}"
EndProject
Global
	GlobalSection(SolutionConfigurationPlatforms) = preSolution
		Debug|Any CPU = Debug|Any CPU
		Release|Any CPU = Release|Any CPU
	EndGlobalSection
	GlobalSection(ProjectConfigurationPlatforms) = postSolution
		{9010668E-FEAC-43A3-A0D8-03C3B8658C24}.Debug|Any CPU.ActiveCfg = Debug|Any CPU
		{9010668E-FEAC-43A3-A0D8-03C3B8658C24}.Debug|Any CPU.Build.0 = Debug|Any CPU
		{9010668E-FEAC-43A3-A0D8-03C3B8658C24}.Release|Any CPU.ActiveCfg = Release|Any CPU
		{9010668E-FEAC-43A3-A0D8-03C3B8658C24}.Release|Any CPU.Build.0 = Release|Any CPU
	EndGlobalSection
	GlobalSection(SolutionProperties) = preSolution
		HideSolutionNode = FALSE
	EndGlobalSection
	GlobalSection(ExtensibilityGlobals) = postSolution
		SolutionGuid = {61DBC79A-5A26-4769-A311-C388D995D106}
	EndGlobalSection
EndGlobal
