
Microsoft Visual Studio Solution File, Format Version 12.00
# Visual Studio Version 17
VisualStudioVersion = 17.5.33516.290
MinimumVisualStudioVersion = 10.0.40219.1
Project("{FAE04EC0-301F-11D3-BF4B-00C04F79EFBC}") = "ДЗ 22. Юніт тестування класу", "ДЗ 22. Юніт тестування класу.csproj", "{EEAE1FCD-FB95-460F-A77D-4207D755ECD9}"
EndProject
Project("{FAE04EC0-301F-11D3-BF4B-00C04F79EFBC}") = "Tests", "Tests\Tests.csproj", "{61B15A43-B6D0-4555-887E-35C4856175AB}"
EndProject
Global
	GlobalSection(SolutionConfigurationPlatforms) = preSolution
		Debug|Any CPU = Debug|Any CPU
		Release|Any CPU = Release|Any CPU
	EndGlobalSection
	GlobalSection(ProjectConfigurationPlatforms) = postSolution
		{EEAE1FCD-FB95-460F-A77D-4207D755ECD9}.Debug|Any CPU.ActiveCfg = Debug|Any CPU
		{EEAE1FCD-FB95-460F-A77D-4207D755ECD9}.Debug|Any CPU.Build.0 = Debug|Any CPU
		{EEAE1FCD-FB95-460F-A77D-4207D755ECD9}.Release|Any CPU.ActiveCfg = Release|Any CPU
		{EEAE1FCD-FB95-460F-A77D-4207D755ECD9}.Release|Any CPU.Build.0 = Release|Any CPU
		{61B15A43-B6D0-4555-887E-35C4856175AB}.Debug|Any CPU.ActiveCfg = Debug|Any CPU
		{61B15A43-B6D0-4555-887E-35C4856175AB}.Debug|Any CPU.Build.0 = Debug|Any CPU
		{61B15A43-B6D0-4555-887E-35C4856175AB}.Release|Any CPU.ActiveCfg = Release|Any CPU
		{61B15A43-B6D0-4555-887E-35C4856175AB}.Release|Any CPU.Build.0 = Release|Any CPU
	EndGlobalSection
	GlobalSection(SolutionProperties) = preSolution
		HideSolutionNode = FALSE
	EndGlobalSection
	GlobalSection(ExtensibilityGlobals) = postSolution
		SolutionGuid = {D0FB392F-1191-4B95-8F8F-EBDE66CF283F}
	EndGlobalSection
EndGlobal
