
Microsoft Visual Studio Solution File, Format Version 12.00
# Visual Studio Version 17
VisualStudioVersion = 17.5.33516.290
MinimumVisualStudioVersion = 10.0.40219.1
Project("{FAE04EC0-301F-11D3-BF4B-00C04F79EFBC}") = "HW9", "HW9\HW9.csproj", "{AAF04934-73AF-47BF-936E-4256C0138335}"
EndProject
Global
	GlobalSection(SolutionConfigurationPlatforms) = preSolution
		Debug|Any CPU = Debug|Any CPU
		Release|Any CPU = Release|Any CPU
	EndGlobalSection
	GlobalSection(ProjectConfigurationPlatforms) = postSolution
		{AAF04934-73AF-47BF-936E-4256C0138335}.Debug|Any CPU.ActiveCfg = Debug|Any CPU
		{AAF04934-73AF-47BF-936E-4256C0138335}.Debug|Any CPU.Build.0 = Debug|Any CPU
		{AAF04934-73AF-47BF-936E-4256C0138335}.Release|Any CPU.ActiveCfg = Release|Any CPU
		{AAF04934-73AF-47BF-936E-4256C0138335}.Release|Any CPU.Build.0 = Release|Any CPU
	EndGlobalSection
	GlobalSection(SolutionProperties) = preSolution
		HideSolutionNode = FALSE
	EndGlobalSection
	GlobalSection(ExtensibilityGlobals) = postSolution
		SolutionGuid = {83DB4250-A26C-41F8-82AA-383F49EDDF72}
	EndGlobalSection
EndGlobal
