
Microsoft Visual Studio Solution File, Format Version 12.00
# Visual Studio Version 17
VisualStudioVersion = 17.5.33516.290
MinimumVisualStudioVersion = 10.0.40219.1
Project("{FAE04EC0-301F-11D3-BF4B-00C04F79EFBC}") = "ДЗ 23. Сайт-візитівка", "ДЗ 23. Сайт-візитівка.csproj", "{1DFD46C9-6835-48EC-A904-915DB3A29615}"
EndProject
Global
	GlobalSection(SolutionConfigurationPlatforms) = preSolution
		Debug|Any CPU = Debug|Any CPU
		Release|Any CPU = Release|Any CPU
	EndGlobalSection
	GlobalSection(ProjectConfigurationPlatforms) = postSolution
		{1DFD46C9-6835-48EC-A904-915DB3A29615}.Debug|Any CPU.ActiveCfg = Debug|Any CPU
		{1DFD46C9-6835-48EC-A904-915DB3A29615}.Debug|Any CPU.Build.0 = Debug|Any CPU
		{1DFD46C9-6835-48EC-A904-915DB3A29615}.Release|Any CPU.ActiveCfg = Release|Any CPU
		{1DFD46C9-6835-48EC-A904-915DB3A29615}.Release|Any CPU.Build.0 = Release|Any CPU
	EndGlobalSection
	GlobalSection(SolutionProperties) = preSolution
		HideSolutionNode = FALSE
	EndGlobalSection
	GlobalSection(ExtensibilityGlobals) = postSolution
		SolutionGuid = {F8BDDC31-5AD3-4800-A2DE-8D64486D3001}
	EndGlobalSection
EndGlobal
