
Microsoft Visual Studio Solution File, Format Version 12.00
# Visual Studio Version 17
VisualStudioVersion = 17.3.32819.101
MinimumVisualStudioVersion = 10.0.40219.1
Project("{FAE04EC0-301F-11D3-BF4B-00C04F79EFBC}") = "HW5", "HW5\HW5.csproj", "{DA697797-11A3-40F5-8CA5-F613B0893E4E}"
EndProject
Global
	GlobalSection(SolutionConfigurationPlatforms) = preSolution
		Debug|Any CPU = Debug|Any CPU
		Release|Any CPU = Release|Any CPU
	EndGlobalSection
	GlobalSection(ProjectConfigurationPlatforms) = postSolution
		{DA697797-11A3-40F5-8CA5-F613B0893E4E}.Debug|Any CPU.ActiveCfg = Debug|Any CPU
		{DA697797-11A3-40F5-8CA5-F613B0893E4E}.Debug|Any CPU.Build.0 = Debug|Any CPU
		{DA697797-11A3-40F5-8CA5-F613B0893E4E}.Release|Any CPU.ActiveCfg = Release|Any CPU
		{DA697797-11A3-40F5-8CA5-F613B0893E4E}.Release|Any CPU.Build.0 = Release|Any CPU
	EndGlobalSection
	GlobalSection(SolutionProperties) = preSolution
		HideSolutionNode = FALSE
	EndGlobalSection
	GlobalSection(ExtensibilityGlobals) = postSolution
		SolutionGuid = {DCDE45BA-D03E-48EB-8E3C-ABC467445158}
	EndGlobalSection
EndGlobal
